
Microsoft Visual Studio Solution File, Format Version 12.00
# Visual Studio Version 16
VisualStudioVersion = 16.0.33927.289
MinimumVisualStudioVersion = 10.0.40219.1
Project("{FAE04EC0-301F-11D3-BF4B-00C04F79EFBC}") = "Module_05", "Module_05\Module_05.csproj", "{D651AACE-E695-4360-A198-4561B7B71D02}"
EndProject
Global
	GlobalSection(SolutionConfigurationPlatforms) = preSolution
		Debug|Any CPU = Debug|Any CPU
		Release|Any CPU = Release|Any CPU
	EndGlobalSection
	GlobalSection(ProjectConfigurationPlatforms) = postSolution
		{D651AACE-E695-4360-A198-4561B7B71D02}.Debug|Any CPU.ActiveCfg = Debug|Any CPU
		{D651AACE-E695-4360-A198-4561B7B71D02}.Debug|Any CPU.Build.0 = Debug|Any CPU
		{D651AACE-E695-4360-A198-4561B7B71D02}.Release|Any CPU.ActiveCfg = Release|Any CPU
		{D651AACE-E695-4360-A198-4561B7B71D02}.Release|Any CPU.Build.0 = Release|Any CPU
	EndGlobalSection
	GlobalSection(SolutionProperties) = preSolution
		HideSolutionNode = FALSE
	EndGlobalSection
	GlobalSection(ExtensibilityGlobals) = postSolution
		SolutionGuid = {D1148719-693E-47F9-BA1B-A3E45174ADF1}
	EndGlobalSection
EndGlobal
